{
  "nodes": {
    "caelestia-cli": {
      "inputs": {
        "caelestia-shell": [
          "caelestia-nix",
          "caelestia-shell"
        ],
        "nixpkgs": [
          "caelestia-nix",
          "caelestia-shell",
          "nixpkgs"
        ]
      },
      "locked": {
        "lastModified": 1772764582,
        "narHash": "sha256-hSwjmpXHFqzSXrndVekA0IheKrbC7wi0IbfZTYwlmXw=",
        "owner": "caelestia-dots",
        "repo": "cli",
        "rev": "4bcd42f482d038b98145b0b03388244b68b7d35d",
        "type": "github"
      },
      "original": {
        "owner": "caelestia-dots",
        "repo": "cli",
        "type": "github"
      }
    },
    "caelestia-dots": {
      "flake": false,
      "locked": {
        "lastModified": 1773273376,
        "narHash": "sha256-GuczKCv0+6tueUWoibcecpa6l41pJfbB8RLG3uQrW10=",
        "owner": "caelestia-dots",
        "repo": "caelestia",
        "rev": "9584f0b44fcbe23e9c036a8949c9f1b4fa579716",
        "type": "github"
      },
      "original": {
        "owner": "caelestia-dots",
        "repo": "caelestia",
        "type": "github"
      }
    },
    "caelestia-nix": {
      "inputs": {
        "caelestia-dots": "caelestia-dots",
        "caelestia-shell": "caelestia-shell",
        "nixpkgs": [
          "nixpkgs"
        ]
      },
      "locked": {
        "lastModified": 1773444779,
        "narHash": "sha256-4j2JeOVqBwQ4rtLBfz7eopWbvjWe/4sfs1gFBJKr+WQ=",
        "owner": "Theneillsaaco",
        "repo": "caelestia-nixos",
        "rev": "b24ccab801674a3463c6c11e2ddfd0e22e569b9e",
        "type": "github"
      },
      "original": {
        "owner": "Theneillsaaco",
        "repo": "caelestia-nixos",
        "type": "github"
      }
    },
    "caelestia-shell": {
      "inputs": {
        "caelestia-cli": "caelestia-cli",
        "nixpkgs": [
          "nixpkgs"
        ],
        "quickshell": "quickshell"
      },
      "locked": {
        "lastModified": 1773328492,
        "narHash": "sha256-ajjfsBnYR54VHhh/haYuPqBOyvgerlvYK6kZvmt2GRw=",
        "owner": "caelestia-dots",
        "repo": "shell",
        "rev": "d97ba8a9c08bc931261766b1070bce610e7cb22e",
        "type": "github"
      },
      "original": {
        "owner": "caelestia-dots",
        "repo": "shell",
        "type": "github"
      }
    },
    "home-manager": {
      "inputs": {
        "nixpkgs": [
          "nixpkgs"
        ]
      },
      "locked": {
        "lastModified": 1773422513,
        "narHash": "sha256-MPjR48roW7CUMU6lu0+qQGqj92Kuh3paIulMWFZy+NQ=",
        "owner": "nix-community",
        "repo": "home-manager",
        "rev": "ef12a9a2b0f77c8fa3dda1e7e494fca668909056",
        "type": "github"
      },
      "original": {
        "owner": "nix-community",
        "repo": "home-manager",
        "type": "github"
      }
    },
    "nixpkgs": {
      "locked": {
        "lastModified": 1773282481,
        "narHash": "sha256-b/GV2ysM8mKHhinse2wz+uP37epUrSE+sAKXy/xvBY4=",
        "owner": "NixOS",
        "repo": "nixpkgs",
        "rev": "fe416aaedd397cacb33a610b33d60ff2b431b127",
        "type": "github"
      },
      "original": {
        "owner": "NixOS",
        "ref": "nixos-unstable",
        "repo": "nixpkgs",
        "type": "github"
      }
    },
    "quickshell": {
      "inputs": {
        "nixpkgs": [
          "caelestia-nix",
          "caelestia-shell",
          "nixpkgs"
        ]
      },
      "locked": {
        "lastModified": 1772925576,
        "narHash": "sha256-mMoiXABDtkSJxCYDrkhJ/TrrJf5M46oUfIlJvv2gkZ0=",
        "ref": "refs/heads/master",
        "rev": "15a84097653593dd15fad59a56befc2b7bdc270d",
        "revCount": 750,
        "type": "git",
        "url": "https://git.outfoxxed.me/outfoxxed/quickshell"
      },
      "original": {
        "type": "git",
        "url": "https://git.outfoxxed.me/outfoxxed/quickshell"
      }
    },
    "root": {
      "inputs": {
        "caelestia-nix": "caelestia-nix",
        "home-manager": "home-manager",
        "nixpkgs": "nixpkgs"
      }
    }
  },
  "root": "root",
  "version": 7
}
